
Microsoft Visual Studio Solution File, Format Version 12.00
# Visual Studio Version 17
VisualStudioVersion = 17.9.34728.123
MinimumVisualStudioVersion = 10.0.40219.1
Project("{FAE04EC0-301F-11D3-BF4B-00C04F79EFBC}") = "StudentAdministration", "StudentAdministration\StudentAdministration.csproj", "{3EAB98ED-8734-4B73-A0DB-48B528F83725}"
EndProject
Global
	GlobalSection(SolutionConfigurationPlatforms) = preSolution
		Debug|Any CPU = Debug|Any CPU
		Release|Any CPU = Release|Any CPU
	EndGlobalSection
	GlobalSection(ProjectConfigurationPlatforms) = postSolution
		{3EAB98ED-8734-4B73-A0DB-48B528F83725}.Debug|Any CPU.ActiveCfg = Debug|Any CPU
		{3EAB98ED-8734-4B73-A0DB-48B528F83725}.Debug|Any CPU.Build.0 = Debug|Any CPU
		{3EAB98ED-8734-4B73-A0DB-48B528F83725}.Release|Any CPU.ActiveCfg = Release|Any CPU
		{3EAB98ED-8734-4B73-A0DB-48B528F83725}.Release|Any CPU.Build.0 = Release|Any CPU
	EndGlobalSection
	GlobalSection(SolutionProperties) = preSolution
		HideSolutionNode = FALSE
	EndGlobalSection
	GlobalSection(ExtensibilityGlobals) = postSolution
		SolutionGuid = {DC815A46-862A-4E7D-BA78-6FBC9FB9B75A}
	EndGlobalSection
EndGlobal
